
Microsoft Visual Studio Solution File, Format Version 12.00
# Visual Studio Version 17
VisualStudioVersion = 17.0.32126.317
MinimumVisualStudioVersion = 10.0.40219.1
Project("{FAE04EC0-301F-11D3-BF4B-00C04F79EFBC}") = "MigrationsAndCodeFirst", "MigrationsAndCodeFirst\MigrationsAndCodeFirst.csproj", "{BCA17666-3A65-43E4-9772-6D8D800BBCB8}"
EndProject
Global
	GlobalSection(SolutionConfigurationPlatforms) = preSolution
		Debug|Any CPU = Debug|Any CPU
		Release|Any CPU = Release|Any CPU
	EndGlobalSection
	GlobalSection(ProjectConfigurationPlatforms) = postSolution
		{BCA17666-3A65-43E4-9772-6D8D800BBCB8}.Debug|Any CPU.ActiveCfg = Debug|Any CPU
		{BCA17666-3A65-43E4-9772-6D8D800BBCB8}.Debug|Any CPU.Build.0 = Debug|Any CPU
		{BCA17666-3A65-43E4-9772-6D8D800BBCB8}.Release|Any CPU.ActiveCfg = Release|Any CPU
		{BCA17666-3A65-43E4-9772-6D8D800BBCB8}.Release|Any CPU.Build.0 = Release|Any CPU
	EndGlobalSection
	GlobalSection(SolutionProperties) = preSolution
		HideSolutionNode = FALSE
	EndGlobalSection
	GlobalSection(ExtensibilityGlobals) = postSolution
		SolutionGuid = {5E159AA3-1042-486C-933C-EF20A170022E}
	EndGlobalSection
EndGlobal
